
Microsoft Visual Studio Solution File, Format Version 12.00
# Visual Studio Version 16
VisualStudioVersion = 16.0.31019.35
MinimumVisualStudioVersion = 10.0.40219.1
Project("{FAE04EC0-301F-11D3-BF4B-00C04F79EFBC}") = "CS_NUnit", "CS_NUnit.csproj", "{1785C08A-E096-47C4-9EE5-A8630A6B5F72}"
EndProject
Global
	GlobalSection(SolutionConfigurationPlatforms) = preSolution
		Debug|Any CPU = Debug|Any CPU
		Release|Any CPU = Release|Any CPU
	EndGlobalSection
	GlobalSection(ProjectConfigurationPlatforms) = postSolution
		{1785C08A-E096-47C4-9EE5-A8630A6B5F72}.Debug|Any CPU.ActiveCfg = Debug|Any CPU
		{1785C08A-E096-47C4-9EE5-A8630A6B5F72}.Debug|Any CPU.Build.0 = Debug|Any CPU
		{1785C08A-E096-47C4-9EE5-A8630A6B5F72}.Release|Any CPU.ActiveCfg = Release|Any CPU
		{1785C08A-E096-47C4-9EE5-A8630A6B5F72}.Release|Any CPU.Build.0 = Release|Any CPU
	EndGlobalSection
	GlobalSection(SolutionProperties) = preSolution
		HideSolutionNode = FALSE
	EndGlobalSection
	GlobalSection(ExtensibilityGlobals) = postSolution
		SolutionGuid = {955172E5-5F3B-4808-82F3-8EDE39EE69BA}
	EndGlobalSection
EndGlobal
